
Microsoft Visual Studio Solution File, Format Version 12.00
# Visual Studio Version 16
VisualStudioVersion = 16.0.29306.81
MinimumVisualStudioVersion = 10.0.40219.1
Project("{FAE04EC0-301F-11D3-BF4B-00C04F79EFBC}") = "ThreadedMessaging", "ThreadedMessaging\ThreadedMessaging.csproj", "{F9135E0E-48FE-47AF-8197-AE1F063056CB}"
EndProject
Project("{2150E333-8FDC-42A3-9474-1A3956D46DE8}") = "SQLScripts", "SQLScripts", "{7C89A09D-8BF4-40B2-98D0-2FC5CE6253BB}"
	ProjectSection(SolutionItems) = preProject
		SQLCreate.sql = SQLCreate.sql
		SQLProcedure.sql = SQLProcedure.sql
	EndProjectSection
EndProject
Global
	GlobalSection(SolutionConfigurationPlatforms) = preSolution
		Debug|Any CPU = Debug|Any CPU
		Release|Any CPU = Release|Any CPU
	EndGlobalSection
	GlobalSection(ProjectConfigurationPlatforms) = postSolution
		{F9135E0E-48FE-47AF-8197-AE1F063056CB}.Debug|Any CPU.ActiveCfg = Debug|Any CPU
		{F9135E0E-48FE-47AF-8197-AE1F063056CB}.Debug|Any CPU.Build.0 = Debug|Any CPU
		{F9135E0E-48FE-47AF-8197-AE1F063056CB}.Release|Any CPU.ActiveCfg = Release|Any CPU
		{F9135E0E-48FE-47AF-8197-AE1F063056CB}.Release|Any CPU.Build.0 = Release|Any CPU
	EndGlobalSection
	GlobalSection(SolutionProperties) = preSolution
		HideSolutionNode = FALSE
	EndGlobalSection
	GlobalSection(ExtensibilityGlobals) = postSolution
		SolutionGuid = {A45EFD10-8111-4E5B-91BD-567C2637278B}
	EndGlobalSection
EndGlobal
